
Microsoft Visual Studio Solution File, Format Version 12.00
# Visual Studio Version 16
VisualStudioVersion = 16.0.31605.320
MinimumVisualStudioVersion = 10.0.40219.1
Project("{2150E333-8FDC-42A3-9474-1A3956D46DE8}") = "Services", "Services", "{78F11335-9723-472E-A5EF-80F73EAD88B5}"
EndProject
Project("{2150E333-8FDC-42A3-9474-1A3956D46DE8}") = "Catalog", "Catalog", "{9DBB04BA-D67A-4C37-A911-D8C8BE578C6C}"
EndProject
Project("{9A19103F-16F7-4668-BE54-9A1E7A4F7556}") = "CourseMarket.Services.Catalog", "Services\Catalog\CourseMarket.Services.Catalog\CourseMarket.Services.Catalog.csproj", "{15913F81-B670-4C6E-9F06-512B2F7380CA}"
EndProject
Project("{2150E333-8FDC-42A3-9474-1A3956D46DE8}") = "Solution Items", "Solution Items", "{174D4E5A-D9BE-4E42-8A1B-31CEB9674F76}"
	ProjectSection(SolutionItems) = preProject
		Notes.txt = Notes.txt
		Ports.txt = Ports.txt
	EndProjectSection
EndProject
Project("{2150E333-8FDC-42A3-9474-1A3956D46DE8}") = "Shared", "Shared", "{B5268E67-F95D-45D1-B7A7-AB3E9AC2F217}"
EndProject
Project("{9A19103F-16F7-4668-BE54-9A1E7A4F7556}") = "CourseMarket.Shared", "Shared\CourseMarket.Shared\CourseMarket.Shared.csproj", "{27D45052-0D05-4F24-A232-C8009F5CCDFD}"
EndProject
Project("{2150E333-8FDC-42A3-9474-1A3956D46DE8}") = "IdentityServer", "IdentityServer", "{89D7B7CF-E534-4DF0-896B-D190DC4B15D8}"
EndProject
Project("{9A19103F-16F7-4668-BE54-9A1E7A4F7556}") = "CourseMarket.IdentityServer", "IdentityServer\CourseMarket.IdentityServer\CourseMarket.IdentityServer.csproj", "{28EFCD56-03AA-4A92-A90C-E01EA750E74B}"
EndProject
Project("{2150E333-8FDC-42A3-9474-1A3956D46DE8}") = "PhotoStock", "PhotoStock", "{2A349312-4E82-4C20-82FE-94747915E5E5}"
EndProject
Project("{9A19103F-16F7-4668-BE54-9A1E7A4F7556}") = "CourseMarket.Services.PhotoStock", "Services\PhotoStock\CourseMarket.Services.PhotoStock\CourseMarket.Services.PhotoStock.csproj", "{D14CADD7-B3B4-44FE-8460-AF9909DE2AFE}"
EndProject
Project("{2150E333-8FDC-42A3-9474-1A3956D46DE8}") = "Basket", "Basket", "{2C6238EA-8D47-4980-AAC6-67FBF8746128}"
EndProject
Project("{9A19103F-16F7-4668-BE54-9A1E7A4F7556}") = "CourseMarket.Services.Basket", "Services\Basket\CourseMarket.Services.Basket\CourseMarket.Services.Basket.csproj", "{877E5C65-FB6E-4891-BA23-EFAE3731D7A3}"
EndProject
Project("{2150E333-8FDC-42A3-9474-1A3956D46DE8}") = "Discount", "Discount", "{76319EC0-4160-4695-9822-EF8650489DB4}"
EndProject
Project("{9A19103F-16F7-4668-BE54-9A1E7A4F7556}") = "CourseMarket.Services.Discount", "Services\Discount\CourseMarket.Services.Discount\CourseMarket.Services.Discount.csproj", "{80952B2F-E7B5-495C-A1C6-9D394647D3D5}"
EndProject
Project("{2150E333-8FDC-42A3-9474-1A3956D46DE8}") = "Order", "Order", "{9FC9AACA-DE34-4EBA-B264-D368B1A32489}"
EndProject
Project("{9A19103F-16F7-4668-BE54-9A1E7A4F7556}") = "CourseMarket.Services.Order.API", "Services\Order\CourseMarket.Services.Order.API\CourseMarket.Services.Order.API.csproj", "{9E1E1E33-8AB5-4581-9178-B0BAFCBF5A62}"
EndProject
Project("{9A19103F-16F7-4668-BE54-9A1E7A4F7556}") = "CourseMarket.Services.Order.Application", "Services\Order\CourseMarket.Services.Order.Application\CourseMarket.Services.Order.Application.csproj", "{9DC2C6A8-362E-47D7-B611-9C6659A0CD24}"
EndProject
Project("{9A19103F-16F7-4668-BE54-9A1E7A4F7556}") = "CourseMarket.Services.Order.Domain", "Services\Order\CourseMarket.Services.Order.Domain\CourseMarket.Services.Order.Domain.csproj", "{69FC42E6-F604-4ABF-BDAB-7556A706B2F0}"
EndProject
Project("{9A19103F-16F7-4668-BE54-9A1E7A4F7556}") = "CourseMarket.Services.Order.Domain.Core", "Services\Order\CourseMarket.Services.Order.Domain.Core\CourseMarket.Services.Order.Domain.Core.csproj", "{640034B8-4E3F-4607-B27C-09C7ACF603E6}"
EndProject
Project("{9A19103F-16F7-4668-BE54-9A1E7A4F7556}") = "CourseMarket.Services.Order.Infrastructure", "Services\Order\CourseMarket.Services.Order.Infrastructure\CourseMarket.Services.Order.Infrastructure.csproj", "{F7385477-4DAD-40CD-8D95-713DE57CE473}"
EndProject
Project("{2150E333-8FDC-42A3-9474-1A3956D46DE8}") = "FakePayment", "FakePayment", "{1CD2142E-7FED-4F88-8D5A-F0898B374538}"
EndProject
Project("{FAE04EC0-301F-11D3-BF4B-00C04F79EFBC}") = "CourseMarket.Services.FakePayment", "Services\FakePayment\CourseMarket.Services.FakePayment\CourseMarket.Services.FakePayment.csproj", "{348B9970-B53D-4079-A389-1286F8CBEB93}"
EndProject
Project("{2150E333-8FDC-42A3-9474-1A3956D46DE8}") = "Gateways", "Gateways", "{71C3D2F7-50A7-4CAC-B746-20EB64786196}"
EndProject
Project("{FAE04EC0-301F-11D3-BF4B-00C04F79EFBC}") = "CourseMarket.Gateway", "CourseMarket.Gateway\CourseMarket.Gateway.csproj", "{6E6F37D6-88E0-487C-A858-13D6B0B8136A}"
EndProject
Global
	GlobalSection(SolutionConfigurationPlatforms) = preSolution
		Debug|Any CPU = Debug|Any CPU
		Release|Any CPU = Release|Any CPU
	EndGlobalSection
	GlobalSection(ProjectConfigurationPlatforms) = postSolution
		{15913F81-B670-4C6E-9F06-512B2F7380CA}.Debug|Any CPU.ActiveCfg = Debug|Any CPU
		{15913F81-B670-4C6E-9F06-512B2F7380CA}.Debug|Any CPU.Build.0 = Debug|Any CPU
		{15913F81-B670-4C6E-9F06-512B2F7380CA}.Release|Any CPU.ActiveCfg = Release|Any CPU
		{15913F81-B670-4C6E-9F06-512B2F7380CA}.Release|Any CPU.Build.0 = Release|Any CPU
		{27D45052-0D05-4F24-A232-C8009F5CCDFD}.Debug|Any CPU.ActiveCfg = Debug|Any CPU
		{27D45052-0D05-4F24-A232-C8009F5CCDFD}.Debug|Any CPU.Build.0 = Debug|Any CPU
		{27D45052-0D05-4F24-A232-C8009F5CCDFD}.Release|Any CPU.ActiveCfg = Release|Any CPU
		{27D45052-0D05-4F24-A232-C8009F5CCDFD}.Release|Any CPU.Build.0 = Release|Any CPU
		{28EFCD56-03AA-4A92-A90C-E01EA750E74B}.Debug|Any CPU.ActiveCfg = Debug|Any CPU
		{28EFCD56-03AA-4A92-A90C-E01EA750E74B}.Debug|Any CPU.Build.0 = Debug|Any CPU
		{28EFCD56-03AA-4A92-A90C-E01EA750E74B}.Release|Any CPU.ActiveCfg = Release|Any CPU
		{28EFCD56-03AA-4A92-A90C-E01EA750E74B}.Release|Any CPU.Build.0 = Release|Any CPU
		{D14CADD7-B3B4-44FE-8460-AF9909DE2AFE}.Debug|Any CPU.ActiveCfg = Debug|Any CPU
		{D14CADD7-B3B4-44FE-8460-AF9909DE2AFE}.Debug|Any CPU.Build.0 = Debug|Any CPU
		{D14CADD7-B3B4-44FE-8460-AF9909DE2AFE}.Release|Any CPU.ActiveCfg = Release|Any CPU
		{D14CADD7-B3B4-44FE-8460-AF9909DE2AFE}.Release|Any CPU.Build.0 = Release|Any CPU
		{877E5C65-FB6E-4891-BA23-EFAE3731D7A3}.Debug|Any CPU.ActiveCfg = Debug|Any CPU
		{877E5C65-FB6E-4891-BA23-EFAE3731D7A3}.Debug|Any CPU.Build.0 = Debug|Any CPU
		{877E5C65-FB6E-4891-BA23-EFAE3731D7A3}.Release|Any CPU.ActiveCfg = Release|Any CPU
		{877E5C65-FB6E-4891-BA23-EFAE3731D7A3}.Release|Any CPU.Build.0 = Release|Any CPU
		{80952B2F-E7B5-495C-A1C6-9D394647D3D5}.Debug|Any CPU.ActiveCfg = Debug|Any CPU
		{80952B2F-E7B5-495C-A1C6-9D394647D3D5}.Debug|Any CPU.Build.0 = Debug|Any CPU
		{80952B2F-E7B5-495C-A1C6-9D394647D3D5}.Release|Any CPU.ActiveCfg = Release|Any CPU
		{80952B2F-E7B5-495C-A1C6-9D394647D3D5}.Release|Any CPU.Build.0 = Release|Any CPU
		{9E1E1E33-8AB5-4581-9178-B0BAFCBF5A62}.Debug|Any CPU.ActiveCfg = Debug|Any CPU
		{9E1E1E33-8AB5-4581-9178-B0BAFCBF5A62}.Debug|Any CPU.Build.0 = Debug|Any CPU
		{9E1E1E33-8AB5-4581-9178-B0BAFCBF5A62}.Release|Any CPU.ActiveCfg = Release|Any CPU
		{9E1E1E33-8AB5-4581-9178-B0BAFCBF5A62}.Release|Any CPU.Build.0 = Release|Any CPU
		{9DC2C6A8-362E-47D7-B611-9C6659A0CD24}.Debug|Any CPU.ActiveCfg = Debug|Any CPU
		{9DC2C6A8-362E-47D7-B611-9C6659A0CD24}.Debug|Any CPU.Build.0 = Debug|Any CPU
		{9DC2C6A8-362E-47D7-B611-9C6659A0CD24}.Release|Any CPU.ActiveCfg = Release|Any CPU
		{9DC2C6A8-362E-47D7-B611-9C6659A0CD24}.Release|Any CPU.Build.0 = Release|Any CPU
		{69FC42E6-F604-4ABF-BDAB-7556A706B2F0}.Debug|Any CPU.ActiveCfg = Debug|Any CPU
		{69FC42E6-F604-4ABF-BDAB-7556A706B2F0}.Debug|Any CPU.Build.0 = Debug|Any CPU
		{69FC42E6-F604-4ABF-BDAB-7556A706B2F0}.Release|Any CPU.ActiveCfg = Release|Any CPU
		{69FC42E6-F604-4ABF-BDAB-7556A706B2F0}.Release|Any CPU.Build.0 = Release|Any CPU
		{640034B8-4E3F-4607-B27C-09C7ACF603E6}.Debug|Any CPU.ActiveCfg = Debug|Any CPU
		{640034B8-4E3F-4607-B27C-09C7ACF603E6}.Debug|Any CPU.Build.0 = Debug|Any CPU
		{640034B8-4E3F-4607-B27C-09C7ACF603E6}.Release|Any CPU.ActiveCfg = Release|Any CPU
		{640034B8-4E3F-4607-B27C-09C7ACF603E6}.Release|Any CPU.Build.0 = Release|Any CPU
		{F7385477-4DAD-40CD-8D95-713DE57CE473}.Debug|Any CPU.ActiveCfg = Debug|Any CPU
		{F7385477-4DAD-40CD-8D95-713DE57CE473}.Debug|Any CPU.Build.0 = Debug|Any CPU
		{F7385477-4DAD-40CD-8D95-713DE57CE473}.Release|Any CPU.ActiveCfg = Release|Any CPU
		{F7385477-4DAD-40CD-8D95-713DE57CE473}.Release|Any CPU.Build.0 = Release|Any CPU
		{348B9970-B53D-4079-A389-1286F8CBEB93}.Debug|Any CPU.ActiveCfg = Debug|Any CPU
		{348B9970-B53D-4079-A389-1286F8CBEB93}.Debug|Any CPU.Build.0 = Debug|Any CPU
		{348B9970-B53D-4079-A389-1286F8CBEB93}.Release|Any CPU.ActiveCfg = Release|Any CPU
		{348B9970-B53D-4079-A389-1286F8CBEB93}.Release|Any CPU.Build.0 = Release|Any CPU
		{6E6F37D6-88E0-487C-A858-13D6B0B8136A}.Debug|Any CPU.ActiveCfg = Debug|Any CPU
		{6E6F37D6-88E0-487C-A858-13D6B0B8136A}.Debug|Any CPU.Build.0 = Debug|Any CPU
		{6E6F37D6-88E0-487C-A858-13D6B0B8136A}.Release|Any CPU.ActiveCfg = Release|Any CPU
		{6E6F37D6-88E0-487C-A858-13D6B0B8136A}.Release|Any CPU.Build.0 = Release|Any CPU
	EndGlobalSection
	GlobalSection(SolutionProperties) = preSolution
		HideSolutionNode = FALSE
	EndGlobalSection
	GlobalSection(NestedProjects) = preSolution
		{9DBB04BA-D67A-4C37-A911-D8C8BE578C6C} = {78F11335-9723-472E-A5EF-80F73EAD88B5}
		{15913F81-B670-4C6E-9F06-512B2F7380CA} = {9DBB04BA-D67A-4C37-A911-D8C8BE578C6C}
		{27D45052-0D05-4F24-A232-C8009F5CCDFD} = {B5268E67-F95D-45D1-B7A7-AB3E9AC2F217}
		{28EFCD56-03AA-4A92-A90C-E01EA750E74B} = {89D7B7CF-E534-4DF0-896B-D190DC4B15D8}
		{2A349312-4E82-4C20-82FE-94747915E5E5} = {78F11335-9723-472E-A5EF-80F73EAD88B5}
		{D14CADD7-B3B4-44FE-8460-AF9909DE2AFE} = {2A349312-4E82-4C20-82FE-94747915E5E5}
		{2C6238EA-8D47-4980-AAC6-67FBF8746128} = {78F11335-9723-472E-A5EF-80F73EAD88B5}
		{877E5C65-FB6E-4891-BA23-EFAE3731D7A3} = {2C6238EA-8D47-4980-AAC6-67FBF8746128}
		{76319EC0-4160-4695-9822-EF8650489DB4} = {78F11335-9723-472E-A5EF-80F73EAD88B5}
		{80952B2F-E7B5-495C-A1C6-9D394647D3D5} = {76319EC0-4160-4695-9822-EF8650489DB4}
		{9FC9AACA-DE34-4EBA-B264-D368B1A32489} = {78F11335-9723-472E-A5EF-80F73EAD88B5}
		{9E1E1E33-8AB5-4581-9178-B0BAFCBF5A62} = {9FC9AACA-DE34-4EBA-B264-D368B1A32489}
		{9DC2C6A8-362E-47D7-B611-9C6659A0CD24} = {9FC9AACA-DE34-4EBA-B264-D368B1A32489}
		{69FC42E6-F604-4ABF-BDAB-7556A706B2F0} = {9FC9AACA-DE34-4EBA-B264-D368B1A32489}
		{640034B8-4E3F-4607-B27C-09C7ACF603E6} = {9FC9AACA-DE34-4EBA-B264-D368B1A32489}
		{F7385477-4DAD-40CD-8D95-713DE57CE473} = {9FC9AACA-DE34-4EBA-B264-D368B1A32489}
		{1CD2142E-7FED-4F88-8D5A-F0898B374538} = {78F11335-9723-472E-A5EF-80F73EAD88B5}
		{348B9970-B53D-4079-A389-1286F8CBEB93} = {1CD2142E-7FED-4F88-8D5A-F0898B374538}
		{6E6F37D6-88E0-487C-A858-13D6B0B8136A} = {71C3D2F7-50A7-4CAC-B746-20EB64786196}
	EndGlobalSection
	GlobalSection(ExtensibilityGlobals) = postSolution
		SolutionGuid = {07CEAAF6-42D2-474C-AB8A-21B67C4FA1B2}
	EndGlobalSection
EndGlobal
